
Microsoft Visual Studio Solution File, Format Version 12.00
# Visual Studio 14
VisualStudioVersion = 14.0.25420.1
MinimumVisualStudioVersion = 10.0.40219.1
Project("{FAE04EC0-301F-11D3-BF4B-00C04F79EFBC}") = "BusinessDomainTemplates", "BusinessDomainTemplates\BusinessDomainTemplates.csproj", "{D7FBF115-0766-4568-83D5-09EEE82464F0}"
EndProject
Global
	GlobalSection(SolutionConfigurationPlatforms) = preSolution
		Debug|Any CPU = Debug|Any CPU
		Release|Any CPU = Release|Any CPU
	EndGlobalSection
	GlobalSection(ProjectConfigurationPlatforms) = postSolution
		{D7FBF115-0766-4568-83D5-09EEE82464F0}.Debug|Any CPU.ActiveCfg = Debug|Any CPU
		{D7FBF115-0766-4568-83D5-09EEE82464F0}.Debug|Any CPU.Build.0 = Debug|Any CPU
		{D7FBF115-0766-4568-83D5-09EEE82464F0}.Release|Any CPU.ActiveCfg = Release|Any CPU
		{D7FBF115-0766-4568-83D5-09EEE82464F0}.Release|Any CPU.Build.0 = Release|Any CPU
	EndGlobalSection
	GlobalSection(SolutionProperties) = preSolution
		HideSolutionNode = FALSE
	EndGlobalSection
	GlobalSection(CodealikeProperties) = postSolution
		SolutionGuid = 454e7817-2a4f-4412-81b5-90fb56992e4b
	EndGlobalSection
EndGlobal
